
Microsoft Visual Studio Solution File, Format Version 12.00
# Visual Studio 15
VisualStudioVersion = 15.0.27428.2002
MinimumVisualStudioVersion = 10.0.40219.1
Project("{FAE04EC0-301F-11D3-BF4B-00C04F79EFBC}") = "QuickSale", "QuickSale\QuickSale.csproj", "{477545A2-424A-4166-9D83-D19D21D6485C}"
EndProject
Global
	GlobalSection(SolutionConfigurationPlatforms) = preSolution
		Debug|Any CPU = Debug|Any CPU
		Release|Any CPU = Release|Any CPU
	EndGlobalSection
	GlobalSection(ProjectConfigurationPlatforms) = postSolution
		{477545A2-424A-4166-9D83-D19D21D6485C}.Debug|Any CPU.ActiveCfg = Debug|Any CPU
		{477545A2-424A-4166-9D83-D19D21D6485C}.Debug|Any CPU.Build.0 = Debug|Any CPU
		{477545A2-424A-4166-9D83-D19D21D6485C}.Release|Any CPU.ActiveCfg = Release|Any CPU
		{477545A2-424A-4166-9D83-D19D21D6485C}.Release|Any CPU.Build.0 = Release|Any CPU
	EndGlobalSection
	GlobalSection(SolutionProperties) = preSolution
		HideSolutionNode = FALSE
	EndGlobalSection
	GlobalSection(ExtensibilityGlobals) = postSolution
		SolutionGuid = {BF62BACC-4A8B-48B7-8F1C-C4FFE68E35B6}
	EndGlobalSection
EndGlobal
